// !$*UTF8*$!
{
	archiveVersion = 1;
	classes = {
	};
	objectVersion = 51;
	objects = {

/* Begin PBXBuildFile section */
		7FC28F1B23D994D100C6A8D7 /* RestController.swift in Sources */ = {isa = PBXBuildFile; fileRef = 7FC28F1723D994CF00C6A8D7 /* RestController.swift */; };
		7FC28F1C23D994D100C6A8D7 /* HTTPMessenger.swift in Sources */ = {isa = PBXBuildFile; fileRef = 7FC28F1823D994D000C6A8D7 /* HTTPMessenger.swift */; };
		7FC28F1D23D994D100C6A8D7 /* LoginController.swift in Sources */ = {isa = PBXBuildFile; fileRef = 7FC28F1923D994D000C6A8D7 /* LoginController.swift */; };
		7FC28F1E23D994D100C6A8D7 /* RestCells.swift in Sources */ = {isa = PBXBuildFile; fileRef = 7FC28F1A23D994D000C6A8D7 /* RestCells.swift */; };
		7FC28F2523D9A9AB00C6A8D7 /* languageController.swift in Sources */ = {isa = PBXBuildFile; fileRef = 7FC28F2423D9A9AB00C6A8D7 /* languageController.swift */; };
		7FC28F2E23D9D58A00C6A8D7 /* Localizable.strings in Resources */ = {isa = PBXBuildFile; fileRef = 7FC28F3023D9D58A00C6A8D7 /* Localizable.strings */; };
		B97491DD23DDDC03009F6D3D /* serverRetriever.swift in Sources */ = {isa = PBXBuildFile; fileRef = B97491DC23DDDC03009F6D3D /* serverRetriever.swift */; };
		B9B793B623CE3B7F0048146E /* AppDelegate.swift in Sources */ = {isa = PBXBuildFile; fileRef = B9B793B523CE3B7F0048146E /* AppDelegate.swift */; };
		B9B793B823CE3B7F0048146E /* ViewController.swift in Sources */ = {isa = PBXBuildFile; fileRef = B9B793B723CE3B7F0048146E /* ViewController.swift */; };
		B9B793BB23CE3B7F0048146E /* Main.storyboard in Resources */ = {isa = PBXBuildFile; fileRef = B9B793B923CE3B7F0048146E /* Main.storyboard */; };
		B9B793BD23CE3B7F0048146E /* Assets.xcassets in Resources */ = {isa = PBXBuildFile; fileRef = B9B793BC23CE3B7F0048146E /* Assets.xcassets */; };
		B9B793C023CE3B7F0048146E /* LaunchScreen.storyboard in Resources */ = {isa = PBXBuildFile; fileRef = B9B793BE23CE3B7F0048146E /* LaunchScreen.storyboard */; };
		BA27FFDD9C972A65BE44E5E5 /* Pods_Salvamanteles.framework in Frameworks */ = {isa = PBXBuildFile; fileRef = 2793D61D0BF97EB5656A8768 /* Pods_Salvamanteles.framework */; };
/* End PBXBuildFile section */

/* Begin PBXFileReference section */
		2793D61D0BF97EB5656A8768 /* Pods_Salvamanteles.framework */ = {isa = PBXFileReference; explicitFileType = wrapper.framework; includeInIndex = 0; path = Pods_Salvamanteles.framework; sourceTree = BUILT_PRODUCTS_DIR; };
		7FC28F1723D994CF00C6A8D7 /* RestController.swift */ = {isa = PBXFileReference; fileEncoding = 4; lastKnownFileType = sourcecode.swift; path = RestController.swift; sourceTree = "<group>"; };
		7FC28F1823D994D000C6A8D7 /* HTTPMessenger.swift */ = {isa = PBXFileReference; fileEncoding = 4; lastKnownFileType = sourcecode.swift; path = HTTPMessenger.swift; sourceTree = "<group>"; };
		7FC28F1923D994D000C6A8D7 /* LoginController.swift */ = {isa = PBXFileReference; fileEncoding = 4; lastKnownFileType = sourcecode.swift; path = LoginController.swift; sourceTree = "<group>"; };
		7FC28F1A23D994D000C6A8D7 /* RestCells.swift */ = {isa = PBXFileReference; fileEncoding = 4; lastKnownFileType = sourcecode.swift; path = RestCells.swift; sourceTree = "<group>"; };
		7FC28F2423D9A9AB00C6A8D7 /* languageController.swift */ = {isa = PBXFileReference; lastKnownFileType = sourcecode.swift; path = languageController.swift; sourceTree = "<group>"; };
		7FC28F2F23D9D58A00C6A8D7 /* en */ = {isa = PBXFileReference; lastKnownFileType = text.plist.strings; name = en; path = en.lproj/Localizable.strings; sourceTree = "<group>"; };
		7FC28F3123D9D58D00C6A8D7 /* es */ = {isa = PBXFileReference; lastKnownFileType = text.plist.strings; name = es; path = es.lproj/Localizable.strings; sourceTree = "<group>"; };
		B5CC2D02C338CDF74AB1AC7F /* Pods-Salvamanteles.debug.xcconfig */ = {isa = PBXFileReference; includeInIndex = 1; lastKnownFileType = text.xcconfig; name = "Pods-Salvamanteles.debug.xcconfig"; path = "Target Support Files/Pods-Salvamanteles/Pods-Salvamanteles.debug.xcconfig"; sourceTree = "<group>"; };
		B97491DC23DDDC03009F6D3D /* serverRetriever.swift */ = {isa = PBXFileReference; fileEncoding = 4; lastKnownFileType = sourcecode.swift; path = serverRetriever.swift; sourceTree = "<group>"; };
		B9B793B223CE3B7F0048146E /* Salvamanteles.app */ = {isa = PBXFileReference; explicitFileType = wrapper.application; includeInIndex = 0; path = Salvamanteles.app; sourceTree = BUILT_PRODUCTS_DIR; };
		B9B793B523CE3B7F0048146E /* AppDelegate.swift */ = {isa = PBXFileReference; lastKnownFileType = sourcecode.swift; path = AppDelegate.swift; sourceTree = "<group>"; };
		B9B793B723CE3B7F0048146E /* ViewController.swift */ = {isa = PBXFileReference; lastKnownFileType = sourcecode.swift; path = ViewController.swift; sourceTree = "<group>"; };
		B9B793BA23CE3B7F0048146E /* Base */ = {isa = PBXFileReference; lastKnownFileType = file.storyboard; name = Base; path = Base.lproj/Main.storyboard; sourceTree = "<group>"; };
		B9B793BC23CE3B7F0048146E /* Assets.xcassets */ = {isa = PBXFileReference; lastKnownFileType = folder.assetcatalog; path = Assets.xcassets; sourceTree = "<group>"; };
		B9B793BF23CE3B7F0048146E /* Base */ = {isa = PBXFileReference; lastKnownFileType = file.storyboard; name = Base; path = Base.lproj/LaunchScreen.storyboard; sourceTree = "<group>"; };
		B9B793C123CE3B7F0048146E /* Info.plist */ = {isa = PBXFileReference; lastKnownFileType = text.plist.xml; path = Info.plist; sourceTree = "<group>"; };
		DD750E5ADE647CF47EA4865F /* Pods-Salvamanteles.release.xcconfig */ = {isa = PBXFileReference; includeInIndex = 1; lastKnownFileType = text.xcconfig; name = "Pods-Salvamanteles.release.xcconfig"; path = "Target Support Files/Pods-Salvamanteles/Pods-Salvamanteles.release.xcconfig"; sourceTree = "<group>"; };
/* End PBXFileReference section */

/* Begin PBXFrameworksBuildPhase section */
		B9B793AF23CE3B7F0048146E /* Frameworks */ = {
			isa = PBXFrameworksBuildPhase;
			buildActionMask = 2147483647;
			files = (
				BA27FFDD9C972A65BE44E5E5 /* Pods_Salvamanteles.framework in Frameworks */,
			);
			runOnlyForDeploymentPostprocessing = 0;
		};
/* End PBXFrameworksBuildPhase section */

/* Begin PBXGroup section */
		402D2054D29B8804FC6E919C /* Frameworks */ = {
			isa = PBXGroup;
			children = (
				2793D61D0BF97EB5656A8768 /* Pods_Salvamanteles.framework */,
			);
			name = Frameworks;
			sourceTree = "<group>";
		};
		7FC28F1F23D996D000C6A8D7 /* Login */ = {
			isa = PBXGroup;
			children = (
				7FC28F1923D994D000C6A8D7 /* LoginController.swift */,
			);
			path = Login;
			sourceTree = "<group>";
		};
		7FC28F2023D996E800C6A8D7 /* Restaurants */ = {
			isa = PBXGroup;
			children = (
				7FC28F1A23D994D000C6A8D7 /* RestCells.swift */,
				7FC28F1723D994CF00C6A8D7 /* RestController.swift */,
			);
			path = Restaurants;
			sourceTree = "<group>";
		};
		7FC28F2123D9970F00C6A8D7 /* Background */ = {
			isa = PBXGroup;
			children = (
				B9B793B523CE3B7F0048146E /* AppDelegate.swift */,
				B9B793BC23CE3B7F0048146E /* Assets.xcassets */,
				7FC28F1823D994D000C6A8D7 /* HTTPMessenger.swift */,
				B97491DC23DDDC03009F6D3D /* serverRetriever.swift */,
			);
			path = Background;
			sourceTree = "<group>";
		};
		7FC28F2223D9980F00C6A8D7 /* OptionsSelected */ = {
			isa = PBXGroup;
			children = (
				B9B793B723CE3B7F0048146E /* ViewController.swift */,
			);
			path = OptionsSelected;
			sourceTree = "<group>";
		};
		7FC28F2323D9A98E00C6A8D7 /* Language */ = {
			isa = PBXGroup;
			children = (
				7FC28F2423D9A9AB00C6A8D7 /* languageController.swift */,
				7FC28F3023D9D58A00C6A8D7 /* Localizable.strings */,
			);
			path = Language;
			sourceTree = "<group>";
		};
		A2187A51204F1D950FAFBC27 /* Pods */ = {
			isa = PBXGroup;
			children = (
				B5CC2D02C338CDF74AB1AC7F /* Pods-Salvamanteles.debug.xcconfig */,
				DD750E5ADE647CF47EA4865F /* Pods-Salvamanteles.release.xcconfig */,
			);
			path = Pods;
			sourceTree = "<group>";
		};
		B9B793A923CE3B7F0048146E = {
			isa = PBXGroup;
			children = (
				B9B793B423CE3B7F0048146E /* Salvamanteles */,
				B9B793B323CE3B7F0048146E /* Products */,
				A2187A51204F1D950FAFBC27 /* Pods */,
				402D2054D29B8804FC6E919C /* Frameworks */,
			);
			sourceTree = "<group>";
		};
		B9B793B323CE3B7F0048146E /* Products */ = {
			isa = PBXGroup;
			children = (
				B9B793B223CE3B7F0048146E /* Salvamanteles.app */,
			);
			name = Products;
			sourceTree = "<group>";
		};
		B9B793B423CE3B7F0048146E /* Salvamanteles */ = {
			isa = PBXGroup;
			children = (
				7FC28F2323D9A98E00C6A8D7 /* Language */,
				7FC28F1F23D996D000C6A8D7 /* Login */,
				7FC28F2023D996E800C6A8D7 /* Restaurants */,
				7FC28F2223D9980F00C6A8D7 /* OptionsSelected */,
				B9B793B923CE3B7F0048146E /* Main.storyboard */,
				B9B793BE23CE3B7F0048146E /* LaunchScreen.storyboard */,
				B9B793C123CE3B7F0048146E /* Info.plist */,
				7FC28F2123D9970F00C6A8D7 /* Background */,
			);
			path = Salvamanteles;
			sourceTree = "<group>";
		};
/* End PBXGroup section */

/* Begin PBXNativeTarget section */
		B9B793B123CE3B7F0048146E /* Salvamanteles */ = {
			isa = PBXNativeTarget;
			buildConfigurationList = B9B793C423CE3B7F0048146E /* Build configuration list for PBXNativeTarget "Salvamanteles" */;
			buildPhases = (
				39788074AE4609FCADDC1732 /* [CP] Check Pods Manifest.lock */,
				B9B793AE23CE3B7F0048146E /* Sources */,
				B9B793AF23CE3B7F0048146E /* Frameworks */,
				B9B793B023CE3B7F0048146E /* Resources */,
				BFD40D9DD27083FEB59484EA /* [CP] Embed Pods Frameworks */,
			);
			buildRules = (
			);
			dependencies = (
			);
			name = Salvamanteles;
			productName = Salvamanteles;
			productReference = B9B793B223CE3B7F0048146E /* Salvamanteles.app */;
			productType = "com.apple.product-type.application";
		};
/* End PBXNativeTarget section */

/* Begin PBXProject section */
		B9B793AA23CE3B7F0048146E /* Project object */ = {
			isa = PBXProject;
			attributes = {
				LastSwiftUpdateCheck = 1010;
				LastUpgradeCheck = 1010;
				ORGANIZATIONNAME = "Thorn&Wheat";
				TargetAttributes = {
					B9B793B123CE3B7F0048146E = {
						CreatedOnToolsVersion = 10.1;
					};
				};
			};
			buildConfigurationList = B9B793AD23CE3B7F0048146E /* Build configuration list for PBXProject "Salvamanteles" */;
			compatibilityVersion = "Xcode 9.3";
			developmentRegion = en;
			hasScannedForEncodings = 0;
			knownRegions = (
				en,
				Base,
				es,
			);
			mainGroup = B9B793A923CE3B7F0048146E;
			productRefGroup = B9B793B323CE3B7F0048146E /* Products */;
			projectDirPath = "";
			projectRoot = "";
			targets = (
				B9B793B123CE3B7F0048146E /* Salvamanteles */,
			);
		};
/* End PBXProject section */

/* Begin PBXResourcesBuildPhase section */
		B9B793B023CE3B7F0048146E /* Resources */ = {
			isa = PBXResourcesBuildPhase;
			buildActionMask = 2147483647;
			files = (
				B9B793C023CE3B7F0048146E /* LaunchScreen.storyboard in Resources */,
				7FC28F2E23D9D58A00C6A8D7 /* Localizable.strings in Resources */,
				B9B793BD23CE3B7F0048146E /* Assets.xcassets in Resources */,
				B9B793BB23CE3B7F0048146E /* Main.storyboard in Resources */,
			);
			runOnlyForDeploymentPostprocessing = 0;
		};
/* End PBXResourcesBuildPhase section */

/* Begin PBXShellScriptBuildPhase section */
		39788074AE4609FCADDC1732 /* [CP] Check Pods Manifest.lock */ = {
			isa = PBXShellScriptBuildPhase;
			buildActionMask = 2147483647;
			files = (
			);
			inputFileListPaths = (
			);
			inputPaths = (
				"${PODS_PODFILE_DIR_PATH}/Podfile.lock",
				"${PODS_ROOT}/Manifest.lock",
			);
			name = "[CP] Check Pods Manifest.lock";
			outputFileListPaths = (
			);
			outputPaths = (
				"$(DERIVED_FILE_DIR)/Pods-Salvamanteles-checkManifestLockResult.txt",
			);
			runOnlyForDeploymentPostprocessing = 0;
			shellPath = /bin/sh;
			shellScript = "diff \"${PODS_PODFILE_DIR_PATH}/Podfile.lock\" \"${PODS_ROOT}/Manifest.lock\" > /dev/null\nif [ $? != 0 ] ; then\n    # print error to STDERR\n    echo \"error: The sandbox is not in sync with the Podfile.lock. Run 'pod install' or update your CocoaPods installation.\" >&2\n    exit 1\nfi\n# This output is used by Xcode 'outputs' to avoid re-running this script phase.\necho \"SUCCESS\" > \"${SCRIPT_OUTPUT_FILE_0}\"\n";
			showEnvVarsInLog = 0;
		};
		BFD40D9DD27083FEB59484EA /* [CP] Embed Pods Frameworks */ = {
			isa = PBXShellScriptBuildPhase;
			buildActionMask = 2147483647;
			files = (
			);
			inputFileListPaths = (
				"${PODS_ROOT}/Target Support Files/Pods-Salvamanteles/Pods-Salvamanteles-frameworks-${CONFIGURATION}-input-files.xcfilelist",
			);
			name = "[CP] Embed Pods Frameworks";
			outputFileListPaths = (
				"${PODS_ROOT}/Target Support Files/Pods-Salvamanteles/Pods-Salvamanteles-frameworks-${CONFIGURATION}-output-files.xcfilelist",
			);
			runOnlyForDeploymentPostprocessing = 0;
			shellPath = /bin/sh;
			shellScript = "\"${PODS_ROOT}/Target Support Files/Pods-Salvamanteles/Pods-Salvamanteles-frameworks.sh\"\n";
			showEnvVarsInLog = 0;
		};
/* End PBXShellScriptBuildPhase section */

/* Begin PBXSourcesBuildPhase section */
		B9B793AE23CE3B7F0048146E /* Sources */ = {
			isa = PBXSourcesBuildPhase;
			buildActionMask = 2147483647;
			files = (
				B9B793B823CE3B7F0048146E /* ViewController.swift in Sources */,
				7FC28F1E23D994D100C6A8D7 /* RestCells.swift in Sources */,
				7FC28F2523D9A9AB00C6A8D7 /* languageController.swift in Sources */,
				7FC28F1B23D994D100C6A8D7 /* RestController.swift in Sources */,
				B9B793B623CE3B7F0048146E /* AppDelegate.swift in Sources */,
				7FC28F1C23D994D100C6A8D7 /* HTTPMessenger.swift in Sources */,
				7FC28F1D23D994D100C6A8D7 /* LoginController.swift in Sources */,
				B97491DD23DDDC03009F6D3D /* serverRetriever.swift in Sources */,
			);
			runOnlyForDeploymentPostprocessing = 0;
		};
/* End PBXSourcesBuildPhase section */

/* Begin PBXVariantGroup section */
		7FC28F3023D9D58A00C6A8D7 /* Localizable.strings */ = {
			isa = PBXVariantGroup;
			children = (
				7FC28F2F23D9D58A00C6A8D7 /* en */,
				7FC28F3123D9D58D00C6A8D7 /* es */,
			);
			name = Localizable.strings;
			sourceTree = "<group>";
		};
		B9B793B923CE3B7F0048146E /* Main.storyboard */ = {
			isa = PBXVariantGroup;
			children = (
				B9B793BA23CE3B7F0048146E /* Base */,
			);
			name = Main.storyboard;
			sourceTree = "<group>";
		};
		B9B793BE23CE3B7F0048146E /* LaunchScreen.storyboard */ = {
			isa = PBXVariantGroup;
			children = (
				B9B793BF23CE3B7F0048146E /* Base */,
			);
			name = LaunchScreen.storyboard;
			sourceTree = "<group>";
		};
/* End PBXVariantGroup section */

/* Begin XCBuildConfiguration section */
		B9B793C223CE3B7F0048146E /* Debug */ = {
			isa = XCBuildConfiguration;
			buildSettings = {
				ALWAYS_SEARCH_USER_PATHS = NO;
				CLANG_ANALYZER_LOCALIZABILITY_NONLOCALIZED = YES;
				CLANG_ANALYZER_NONNULL = YES;
				CLANG_ANALYZER_NUMBER_OBJECT_CONVERSION = YES_AGGRESSIVE;
				CLANG_CXX_LANGUAGE_STANDARD = "gnu++14";
				CLANG_CXX_LIBRARY = "libc++";
				CLANG_ENABLE_MODULES = YES;
				CLANG_ENABLE_OBJC_ARC = YES;
				CLANG_ENABLE_OBJC_WEAK = YES;
				CLANG_WARN_BLOCK_CAPTURE_AUTORELEASING = YES;
				CLANG_WARN_BOOL_CONVERSION = YES;
				CLANG_WARN_COMMA = YES;
				CLANG_WARN_CONSTANT_CONVERSION = YES;
				CLANG_WARN_DEPRECATED_OBJC_IMPLEMENTATIONS = YES;
				CLANG_WARN_DIRECT_OBJC_ISA_USAGE = YES_ERROR;
				CLANG_WARN_DOCUMENTATION_COMMENTS = YES;
				CLANG_WARN_EMPTY_BODY = YES;
				CLANG_WARN_ENUM_CONVERSION = YES;
				CLANG_WARN_INFINITE_RECURSION = YES;
				CLANG_WARN_INT_CONVERSION = YES;
				CLANG_WARN_NON_LITERAL_NULL_CONVERSION = YES;
				CLANG_WARN_OBJC_IMPLICIT_RETAIN_SELF = YES;
				CLANG_WARN_OBJC_LITERAL_CONVERSION = YES;
				CLANG_WARN_OBJC_ROOT_CLASS = YES_ERROR;
				CLANG_WARN_RANGE_LOOP_ANALYSIS = YES;
				CLANG_WARN_STRICT_PROTOTYPES = YES;
				CLANG_WARN_SUSPICIOUS_MOVE = YES;
				CLANG_WARN_UNGUARDED_AVAILABILITY = YES_AGGRESSIVE;
				CLANG_WARN_UNREACHABLE_CODE = YES;
				CLANG_WARN__DUPLICATE_METHOD_MATCH = YES;
				CODE_SIGN_IDENTITY = "iPhone Developer";
				COPY_PHASE_STRIP = NO;
				DEBUG_INFORMATION_FORMAT = dwarf;
				ENABLE_STRICT_OBJC_MSGSEND = YES;
				ENABLE_TESTABILITY = YES;
				GCC_C_LANGUAGE_STANDARD = gnu11;
				GCC_DYNAMIC_NO_PIC = NO;
				GCC_NO_COMMON_BLOCKS = YES;
				GCC_OPTIMIZATION_LEVEL = 0;
				GCC_PREPROCESSOR_DEFINITIONS = (
					"DEBUG=1",
					"$(inherited)",
				);
				GCC_WARN_64_TO_32_BIT_CONVERSION = YES;
				GCC_WARN_ABOUT_RETURN_TYPE = YES_ERROR;
				GCC_WARN_UNDECLARED_SELECTOR = YES;
				GCC_WARN_UNINITIALIZED_AUTOS = YES_AGGRESSIVE;
				GCC_WARN_UNUSED_FUNCTION = YES;
				GCC_WARN_UNUSED_VARIABLE = YES;
				IPHONEOS_DEPLOYMENT_TARGET = 12.1;
				MTL_ENABLE_DEBUG_INFO = INCLUDE_SOURCE;
				MTL_FAST_MATH = YES;
				ONLY_ACTIVE_ARCH = YES;
				SDKROOT = iphoneos;
				SWIFT_ACTIVE_COMPILATION_CONDITIONS = DEBUG;
				SWIFT_OPTIMIZATION_LEVEL = "-Onone";
			};
			name = Debug;
		};
		B9B793C323CE3B7F0048146E /* Release */ = {
			isa = XCBuildConfiguration;
			buildSettings = {
				ALWAYS_SEARCH_USER_PATHS = NO;
				CLANG_ANALYZER_LOCALIZABILITY_NONLOCALIZED = YES;
				CLANG_ANALYZER_NONNULL = YES;
				CLANG_ANALYZER_NUMBER_OBJECT_CONVERSION = YES_AGGRESSIVE;
				CLANG_CXX_LANGUAGE_STANDARD = "gnu++14";
				CLANG_CXX_LIBRARY = "libc++";
				CLANG_ENABLE_MODULES = YES;
				CLANG_ENABLE_OBJC_ARC = YES;
				CLANG_ENABLE_OBJC_WEAK = YES;
				CLANG_WARN_BLOCK_CAPTURE_AUTORELEASING = YES;
				CLANG_WARN_BOOL_CONVERSION = YES;
				CLANG_WARN_COMMA = YES;
				CLANG_WARN_CONSTANT_CONVERSION = YES;
				CLANG_WARN_DEPRECATED_OBJC_IMPLEMENTATIONS = YES;
				CLANG_WARN_DIRECT_OBJC_ISA_USAGE = YES_ERROR;
				CLANG_WARN_DOCUMENTATION_COMMENTS = YES;
				CLANG_WARN_EMPTY_BODY = YES;
				CLANG_WARN_ENUM_CONVERSION = YES;
				CLANG_WARN_INFINITE_RECURSION = YES;
				CLANG_WARN_INT_CONVERSION = YES;
				CLANG_WARN_NON_LITERAL_NULL_CONVERSION = YES;
				CLANG_WARN_OBJC_IMPLICIT_RETAIN_SELF = YES;
				CLANG_WARN_OBJC_LITERAL_CONVERSION = YES;
				CLANG_WARN_OBJC_ROOT_CLASS = YES_ERROR;
				CLANG_WARN_RANGE_LOOP_ANALYSIS = YES;
				CLANG_WARN_STRICT_PROTOTYPES = YES;
				CLANG_WARN_SUSPICIOUS_MOVE = YES;
				CLANG_WARN_UNGUARDED_AVAILABILITY = YES_AGGRESSIVE;
				CLANG_WARN_UNREACHABLE_CODE = YES;
				CLANG_WARN__DUPLICATE_METHOD_MATCH = YES;
				CODE_SIGN_IDENTITY = "iPhone Developer";
				COPY_PHASE_STRIP = NO;
				DEBUG_INFORMATION_FORMAT = "dwarf-with-dsym";
				ENABLE_NS_ASSERTIONS = NO;
				ENABLE_STRICT_OBJC_MSGSEND = YES;
				GCC_C_LANGUAGE_STANDARD = gnu11;
				GCC_NO_COMMON_BLOCKS = YES;
				GCC_WARN_64_TO_32_BIT_CONVERSION = YES;
				GCC_WARN_ABOUT_RETURN_TYPE = YES_ERROR;
				GCC_WARN_UNDECLARED_SELECTOR = YES;
				GCC_WARN_UNINITIALIZED_AUTOS = YES_AGGRESSIVE;
				GCC_WARN_UNUSED_FUNCTION = YES;
				GCC_WARN_UNUSED_VARIABLE = YES;
				IPHONEOS_DEPLOYMENT_TARGET = 12.1;
				MTL_ENABLE_DEBUG_INFO = NO;
				MTL_FAST_MATH = YES;
				SDKROOT = iphoneos;
				SWIFT_COMPILATION_MODE = wholemodule;
				SWIFT_OPTIMIZATION_LEVEL = "-O";
				VALIDATE_PRODUCT = YES;
			};
			name = Release;
		};
		B9B793C523CE3B7F0048146E /* Debug */ = {
			isa = XCBuildConfiguration;
			baseConfigurationReference = B5CC2D02C338CDF74AB1AC7F /* Pods-Salvamanteles.debug.xcconfig */;
			buildSettings = {
				ASSETCATALOG_COMPILER_APPICON_NAME = AppIcon;
				CODE_SIGN_STYLE = Automatic;
				DEVELOPMENT_TEAM = T54H4RF8RN;
				INFOPLIST_FILE = Salvamanteles/Info.plist;
				LD_RUNPATH_SEARCH_PATHS = (
					"$(inherited)",
					"@executable_path/Frameworks",
				);
				PRODUCT_BUNDLE_IDENTIFIER = "T-W.Salvamanteles";
				PRODUCT_NAME = "$(TARGET_NAME)";
				SWIFT_VERSION = 4.2;
				TARGETED_DEVICE_FAMILY = "1,2";
			};
			name = Debug;
		};
		B9B793C623CE3B7F0048146E /* Release */ = {
			isa = XCBuildConfiguration;
			baseConfigurationReference = DD750E5ADE647CF47EA4865F /* Pods-Salvamanteles.release.xcconfig */;
			buildSettings = {
				ASSETCATALOG_COMPILER_APPICON_NAME = AppIcon;
				CODE_SIGN_STYLE = Automatic;
				DEVELOPMENT_TEAM = T54H4RF8RN;
				INFOPLIST_FILE = Salvamanteles/Info.plist;
				LD_RUNPATH_SEARCH_PATHS = (
					"$(inherited)",
					"@executable_path/Frameworks",
				);
				PRODUCT_BUNDLE_IDENTIFIER = "T-W.Salvamanteles";
				PRODUCT_NAME = "$(TARGET_NAME)";
				SWIFT_VERSION = 4.2;
				TARGETED_DEVICE_FAMILY = "1,2";
			};
			name = Release;
		};
/* End XCBuildConfiguration section */

/* Begin XCConfigurationList section */
		B9B793AD23CE3B7F0048146E /* Build configuration list for PBXProject "Salvamanteles" */ = {
			isa = XCConfigurationList;
			buildConfigurations = (
				B9B793C223CE3B7F0048146E /* Debug */,
				B9B793C323CE3B7F0048146E /* Release */,
			);
			defaultConfigurationIsVisible = 0;
			defaultConfigurationName = Release;
		};
		B9B793C423CE3B7F0048146E /* Build configuration list for PBXNativeTarget "Salvamanteles" */ = {
			isa = XCConfigurationList;
			buildConfigurations = (
				B9B793C523CE3B7F0048146E /* Debug */,
				B9B793C623CE3B7F0048146E /* Release */,
			);
			defaultConfigurationIsVisible = 0;
			defaultConfigurationName = Release;
		};
/* End XCConfigurationList section */
	};
	rootObject = B9B793AA23CE3B7F0048146E /* Project object */;
}
